{
    "_readme": [
        "This file locks the dependencies of your project to a known state",
        "Read more about it at https://getcomposer.org/doc/01-basic-usage.md#installing-dependencies",
        "This file is @generated automatically"
    ],
    "content-hash": "ed12efebdaa41601a3b12cac3d936203",
    "packages": [
        {
            "name": "deemru/blake2b",
            "version": "1.0.1",
            "source": {
                "type": "git",
                "url": "https://github.com/deemru/Blake2b.git",
                "reference": "d7bd270d820fcad53b9a30a620075f4039cd6967"
            },
            "dist": {
                "type": "zip",
                "url": "https://api.github.com/repos/deemru/Blake2b/zipball/d7bd270d820fcad53b9a30a620075f4039cd6967",
                "reference": "d7bd270d820fcad53b9a30a620075f4039cd6967",
                "shasum": "",
                "mirrors": [
                    {
                        "url": "https://mirrors.aliyun.com/composer/dists/%package%/%reference%.%type%",
                        "preferred": true
                    }
                ]
            },
            "require": {
                "php": ">=5.4"
            },
            "type": "library",
            "autoload": {
                "psr-4": {
                    "deemru\\": "src/"
                }
            },
            "notification-url": "https://packagist.org/downloads/",
            "license": [
                "MIT"
            ],
            "authors": [
                {
                    "name": "Dmitrii Pichulin",
                    "email": "deem@deem.ru"
                }
            ],
            "description": "BLAKE2 hash function on pure PHP",
            "homepage": "https://github.com/deemru/Blake2b",
            "keywords": [
                "BLAKE2",
                "BLAKE2b",
                "blake2b256",
                "hash",
                "wavesplatform"
            ],
            "support": {
                "issues": "https://github.com/deemru/Blake2b/issues",
                "source": "https://github.com/deemru/Blake2b/tree/master"
            },
            "time": "2019-02-03T14:36:24+00:00"
        },
        {
            "name": "myclabs/php-enum",
            "version": "1.8.3",
            "source": {
                "type": "git",
                "url": "https://github.com/myclabs/php-enum.git",
                "reference": "b942d263c641ddb5190929ff840c68f78713e937"
            },
            "dist": {
                "type": "zip",
                "url": "https://api.github.com/repos/myclabs/php-enum/zipball/b942d263c641ddb5190929ff840c68f78713e937",
                "reference": "b942d263c641ddb5190929ff840c68f78713e937",
                "shasum": "",
                "mirrors": [
                    {
                        "url": "https://mirrors.aliyun.com/composer/dists/%package%/%reference%.%type%",
                        "preferred": true
                    }
                ]
            },
            "require": {
                "ext-json": "*",
                "php": "^7.3 || ^8.0"
            },
            "require-dev": {
                "phpunit/phpunit": "^9.5",
                "squizlabs/php_codesniffer": "1.*",
                "vimeo/psalm": "^4.6.2"
            },
            "type": "library",
            "autoload": {
                "psr-4": {
                    "MyCLabs\\Enum\\": "src/"
                }
            },
            "notification-url": "https://packagist.org/downloads/",
            "license": [
                "MIT"
            ],
            "authors": [
                {
                    "name": "PHP Enum contributors",
                    "homepage": "https://github.com/myclabs/php-enum/graphs/contributors"
                }
            ],
            "description": "PHP Enum implementation",
            "homepage": "http://github.com/myclabs/php-enum",
            "keywords": [
                "enum"
            ],
            "support": {
                "issues": "https://github.com/myclabs/php-enum/issues",
                "source": "https://github.com/myclabs/php-enum/tree/1.8.3"
            },
            "funding": [
                {
                    "url": "https://github.com/mnapoli",
                    "type": "github"
                },
                {
                    "url": "https://tidelift.com/funding/github/packagist/myclabs/php-enum",
                    "type": "tidelift"
                }
            ],
            "time": "2021-07-05T08:18:36+00:00"
        },
        {
            "name": "paragonie/constant_time_encoding",
            "version": "v2.4.0",
            "source": {
                "type": "git",
                "url": "https://github.com/paragonie/constant_time_encoding.git",
                "reference": "f34c2b11eb9d2c9318e13540a1dbc2a3afbd939c"
            },
            "dist": {
                "type": "zip",
                "url": "https://api.github.com/repos/paragonie/constant_time_encoding/zipball/f34c2b11eb9d2c9318e13540a1dbc2a3afbd939c",
                "reference": "f34c2b11eb9d2c9318e13540a1dbc2a3afbd939c",
                "shasum": "",
                "mirrors": [
                    {
                        "url": "https://mirrors.aliyun.com/composer/dists/%package%/%reference%.%type%",
                        "preferred": true
                    }
                ]
            },
            "require": {
                "php": "^7|^8"
            },
            "require-dev": {
                "phpunit/phpunit": "^6|^7|^8|^9",
                "vimeo/psalm": "^1|^2|^3|^4"
            },
            "type": "library",
            "autoload": {
                "psr-4": {
                    "ParagonIE\\ConstantTime\\": "src/"
                }
            },
            "notification-url": "https://packagist.org/downloads/",
            "license": [
                "MIT"
            ],
            "authors": [
                {
                    "name": "Paragon Initiative Enterprises",
                    "email": "security@paragonie.com",
                    "homepage": "https://paragonie.com",
                    "role": "Maintainer"
                },
                {
                    "name": "Steve 'Sc00bz' Thomas",
                    "email": "steve@tobtu.com",
                    "homepage": "https://www.tobtu.com",
                    "role": "Original Developer"
                }
            ],
            "description": "Constant-time Implementations of RFC 4648 Encoding (Base-64, Base-32, Base-16)",
            "keywords": [
                "base16",
                "base32",
                "base32_decode",
                "base32_encode",
                "base64",
                "base64_decode",
                "base64_encode",
                "bin2hex",
                "encoding",
                "hex",
                "hex2bin",
                "rfc4648"
            ],
            "support": {
                "email": "info@paragonie.com",
                "issues": "https://github.com/paragonie/constant_time_encoding/issues",
                "source": "https://github.com/paragonie/constant_time_encoding"
            },
            "time": "2020-12-06T15:14:20+00:00"
        },
        {
            "name": "simplito/bigint-wrapper-php",
            "version": "1.0.0",
            "source": {
                "type": "git",
                "url": "https://github.com/simplito/bigint-wrapper-php.git",
                "reference": "cf21ec76d33f103add487b3eadbd9f5033a25930"
            },
            "dist": {
                "type": "zip",
                "url": "https://api.github.com/repos/simplito/bigint-wrapper-php/zipball/cf21ec76d33f103add487b3eadbd9f5033a25930",
                "reference": "cf21ec76d33f103add487b3eadbd9f5033a25930",
                "shasum": "",
                "mirrors": [
                    {
                        "url": "https://mirrors.aliyun.com/composer/dists/%package%/%reference%.%type%",
                        "preferred": true
                    }
                ]
            },
            "type": "library",
            "autoload": {
                "psr-4": {
                    "BI\\": "lib/"
                }
            },
            "notification-url": "https://packagist.org/downloads/",
            "license": [
                "MIT"
            ],
            "authors": [
                {
                    "name": "Simplito Team",
                    "email": "s.smyczynski@simplito.com",
                    "homepage": "https://simplito.com"
                }
            ],
            "description": "Common interface for php_gmp and php_bcmath modules",
            "support": {
                "issues": "https://github.com/simplito/bigint-wrapper-php/issues",
                "source": "https://github.com/simplito/bigint-wrapper-php/tree/1.0.0"
            },
            "time": "2018-02-27T12:38:08+00:00"
        },
        {
            "name": "simplito/bn-php",
            "version": "1.1.2",
            "source": {
                "type": "git",
                "url": "https://github.com/simplito/bn-php.git",
                "reference": "e852fcd27e4acbc32459606d7606e45a85e42465"
            },
            "dist": {
                "type": "zip",
                "url": "https://api.github.com/repos/simplito/bn-php/zipball/e852fcd27e4acbc32459606d7606e45a85e42465",
                "reference": "e852fcd27e4acbc32459606d7606e45a85e42465",
                "shasum": "",
                "mirrors": [
                    {
                        "url": "https://mirrors.aliyun.com/composer/dists/%package%/%reference%.%type%",
                        "preferred": true
                    }
                ]
            },
            "require": {
                "simplito/bigint-wrapper-php": "~1.0.0"
            },
            "require-dev": {
                "phpunit/phpunit": "*"
            },
            "type": "library",
            "autoload": {
                "psr-4": {
                    "BN\\": "lib/"
                }
            },
            "notification-url": "https://packagist.org/downloads/",
            "license": [
                "MIT"
            ],
            "authors": [
                {
                    "name": "Simplito Team",
                    "email": "s.smyczynski@simplito.com",
                    "homepage": "https://simplito.com"
                }
            ],
            "description": "Big number implementation compatible with bn.js",
            "support": {
                "issues": "https://github.com/simplito/bn-php/issues",
                "source": "https://github.com/simplito/bn-php/tree/1.1.2"
            },
            "time": "2018-04-12T11:07:43+00:00"
        },
        {
            "name": "simplito/elliptic-php",
            "version": "1.0.8",
            "source": {
                "type": "git",
                "url": "https://github.com/simplito/elliptic-php.git",
                "reference": "5cebaf29adce31a398368972a43d13def1e7ba15"
            },
            "dist": {
                "type": "zip",
                "url": "https://api.github.com/repos/simplito/elliptic-php/zipball/5cebaf29adce31a398368972a43d13def1e7ba15",
                "reference": "5cebaf29adce31a398368972a43d13def1e7ba15",
                "shasum": "",
                "mirrors": [
                    {
                        "url": "https://mirrors.aliyun.com/composer/dists/%package%/%reference%.%type%",
                        "preferred": true
                    }
                ]
            },
            "require": {
                "ext-gmp": "*",
                "simplito/bn-php": "~1.1.0"
            },
            "require-dev": {
                "phpbench/phpbench": "@dev",
                "phpunit/phpunit": "*"
            },
            "type": "library",
            "autoload": {
                "psr-4": {
                    "Elliptic\\": "lib/"
                }
            },
            "notification-url": "https://packagist.org/downloads/",
            "license": [
                "MIT"
            ],
            "authors": [
                {
                    "name": "Simplito Team",
                    "email": "s.smyczynski@simplito.com",
                    "homepage": "https://simplito.com"
                }
            ],
            "description": "Fast elliptic curve cryptography",
            "homepage": "https://github.com/simplito/elliptic-php",
            "keywords": [
                "Curve25519",
                "ECDSA",
                "Ed25519",
                "EdDSA",
                "cryptography",
                "curve",
                "curve25519-weier",
                "ecc",
                "ecdh",
                "elliptic",
                "nistp192",
                "nistp224",
                "nistp256",
                "nistp384",
                "nistp521",
                "secp256k1"
            ],
            "support": {
                "issues": "https://github.com/simplito/elliptic-php/issues",
                "source": "https://github.com/simplito/elliptic-php/tree/1.0.8"
            },
            "time": "2021-07-09T08:28:19+00:00"
        },
        {
            "name": "softwarewisdom/leb128",
            "version": "v1.2",
            "source": {
                "type": "git",
                "url": "https://github.com/ctx2002/LEB128.git",
                "reference": "30faa28f1162914c1fa60d0a8b5a60961c8bacdb"
            },
            "dist": {
                "type": "zip",
                "url": "https://api.github.com/repos/ctx2002/LEB128/zipball/30faa28f1162914c1fa60d0a8b5a60961c8bacdb",
                "reference": "30faa28f1162914c1fa60d0a8b5a60961c8bacdb",
                "shasum": "",
                "mirrors": [
                    {
                        "url": "https://mirrors.aliyun.com/composer/dists/%package%/%reference%.%type%",
                        "preferred": true
                    }
                ]
            },
            "require": {
                "php": ">=7.2.5"
            },
            "require-dev": {
                "phpunit/phpunit": "8"
            },
            "type": "library",
            "autoload": {
                "psr-4": {
                    "Softwarewisdom\\LEB128\\": "src/"
                }
            },
            "notification-url": "https://packagist.org/downloads/",
            "license": [
                "MIT"
            ],
            "authors": [
                {
                    "name": "anru chen",
                    "email": "softwarewisdomltd@gmail.com"
                }
            ],
            "description": "LEB128 encoding and decoding",
            "support": {
                "issues": "https://github.com/ctx2002/LEB128/issues",
                "source": "https://github.com/ctx2002/LEB128/tree/v1.2"
            },
            "time": "2021-01-30T03:16:45+00:00"
        }
    ],
    "packages-dev": [],
    "aliases": [],
    "minimum-stability": "stable",
    "stability-flags": [],
    "prefer-stable": false,
    "prefer-lowest": false,
    "platform": {
        "php": ">=7.4"
    },
    "platform-dev": [],
    "plugin-api-version": "2.0.0"
}
